
Microsoft Visual Studio Solution File, Format Version 12.00
# Visual Studio Version 16
VisualStudioVersion = 16.0.31205.134
MinimumVisualStudioVersion = 10.0.40219.1
Project("{8BC9CEB8-8B4A-11D0-8D11-00A0C91BC942}") = "UDPTest", "UDPTest\UDPTest.vcxproj", "{08668B4C-7D8B-4D1D-89C4-72A500F3B29D}"
EndProject
Project("{8BC9CEB8-8B4A-11D0-8D11-00A0C91BC942}") = "UdpNetClient", "UdpNetClient\UdpNetClient.vcxproj", "{BD1E4C5D-D472-41CB-A6AF-9E104635549F}"
EndProject
Global
	GlobalSection(SolutionConfigurationPlatforms) = preSolution
		Debug|x64 = Debug|x64
		Debug|x86 = Debug|x86
		Release|x64 = Release|x64
		Release|x86 = Release|x86
	EndGlobalSection
	GlobalSection(ProjectConfigurationPlatforms) = postSolution
		{08668B4C-7D8B-4D1D-89C4-72A500F3B29D}.Debug|x64.ActiveCfg = Debug|x64
		{08668B4C-7D8B-4D1D-89C4-72A500F3B29D}.Debug|x64.Build.0 = Debug|x64
		{08668B4C-7D8B-4D1D-89C4-72A500F3B29D}.Debug|x86.ActiveCfg = Debug|Win32
		{08668B4C-7D8B-4D1D-89C4-72A500F3B29D}.Debug|x86.Build.0 = Debug|Win32
		{08668B4C-7D8B-4D1D-89C4-72A500F3B29D}.Release|x64.ActiveCfg = Release|x64
		{08668B4C-7D8B-4D1D-89C4-72A500F3B29D}.Release|x64.Build.0 = Release|x64
		{08668B4C-7D8B-4D1D-89C4-72A500F3B29D}.Release|x86.ActiveCfg = Release|Win32
		{08668B4C-7D8B-4D1D-89C4-72A500F3B29D}.Release|x86.Build.0 = Release|Win32
		{BD1E4C5D-D472-41CB-A6AF-9E104635549F}.Debug|x64.ActiveCfg = Debug|x64
		{BD1E4C5D-D472-41CB-A6AF-9E104635549F}.Debug|x64.Build.0 = Debug|x64
		{BD1E4C5D-D472-41CB-A6AF-9E104635549F}.Debug|x86.ActiveCfg = Debug|Win32
		{BD1E4C5D-D472-41CB-A6AF-9E104635549F}.Debug|x86.Build.0 = Debug|Win32
		{BD1E4C5D-D472-41CB-A6AF-9E104635549F}.Release|x64.ActiveCfg = Release|x64
		{BD1E4C5D-D472-41CB-A6AF-9E104635549F}.Release|x64.Build.0 = Release|x64
		{BD1E4C5D-D472-41CB-A6AF-9E104635549F}.Release|x86.ActiveCfg = Release|Win32
		{BD1E4C5D-D472-41CB-A6AF-9E104635549F}.Release|x86.Build.0 = Release|Win32
	EndGlobalSection
	GlobalSection(SolutionProperties) = preSolution
		HideSolutionNode = FALSE
	EndGlobalSection
	GlobalSection(ExtensibilityGlobals) = postSolution
		SolutionGuid = {3C6ACBE2-0FF5-45C8-8AFA-306DE272B69D}
	EndGlobalSection
EndGlobal
